// !$*UTF8*$!
{
	archiveVersion = 1;
	classes = {
	};
	objectVersion = 50;
	objects = {

/* Begin PBXBuildFile section */
		6F0FC370267CE55A004671DF /* BooksNavigationBar.swift in Sources */ = {isa = PBXBuildFile; fileRef = 6F0FC36F267CE55A004671DF /* BooksNavigationBar.swift */; };
		6F0FC3732680973A004671DF /* NetworkManager.swift in Sources */ = {isa = PBXBuildFile; fileRef = 6F0FC3722680973A004671DF /* NetworkManager.swift */; };
		6F0FC3772689ED8D004671DF /* CercleProgressBar.swift in Sources */ = {isa = PBXBuildFile; fileRef = 6F0FC3762689ED8D004671DF /* CercleProgressBar.swift */; };
		6F0FC379268E0CAD004671DF /* GoogleBooksAPI.swift in Sources */ = {isa = PBXBuildFile; fileRef = 6F0FC378268E0CAD004671DF /* GoogleBooksAPI.swift */; };
		6F0FC37B268E0FBB004671DF /* CodableService.swift in Sources */ = {isa = PBXBuildFile; fileRef = 6F0FC37A268E0FBB004671DF /* CodableService.swift */; };
		6F0FC37F268F1616004671DF /* AboutViewController.swift in Sources */ = {isa = PBXBuildFile; fileRef = 6F0FC37D268F1616004671DF /* AboutViewController.swift */; };
		6F0FC380268F1616004671DF /* AboutViewController.xib in Resources */ = {isa = PBXBuildFile; fileRef = 6F0FC37E268F1616004671DF /* AboutViewController.xib */; };
		6F1272DA2678AD8B00D4050A /* BookCollectionViewCell.swift in Sources */ = {isa = PBXBuildFile; fileRef = 6F1272D82678AD8B00D4050A /* BookCollectionViewCell.swift */; };
		6F1272DB2678AD8B00D4050A /* BookCollectionViewCell.xib in Resources */ = {isa = PBXBuildFile; fileRef = 6F1272D92678AD8B00D4050A /* BookCollectionViewCell.xib */; };
		6F24F40026B08A33002C2AD2 /* BookCelll.swift in Sources */ = {isa = PBXBuildFile; fileRef = 6F24F3FE26B08A33002C2AD2 /* BookCelll.swift */; };
		6F24F40126B08A33002C2AD2 /* BookCelll.xib in Resources */ = {isa = PBXBuildFile; fileRef = 6F24F3FF26B08A33002C2AD2 /* BookCelll.xib */; };
		6F36E233267A5B3A00BF9F8A /* HeaderCollectionReusableView.swift in Sources */ = {isa = PBXBuildFile; fileRef = 6F36E231267A5B3A00BF9F8A /* HeaderCollectionReusableView.swift */; };
		6F36E234267A5B3A00BF9F8A /* HeaderCollectionReusableView.xib in Resources */ = {isa = PBXBuildFile; fileRef = 6F36E232267A5B3A00BF9F8A /* HeaderCollectionReusableView.xib */; };
		6F67D7AD26678C6600E350D0 /* TabItem.swift in Sources */ = {isa = PBXBuildFile; fileRef = 6F67D7AC26678C6600E350D0 /* TabItem.swift */; };
		6F72BC9D266116B20066BE61 /* MainPresenter.swift in Sources */ = {isa = PBXBuildFile; fileRef = 6F72BC9C266116B20066BE61 /* MainPresenter.swift */; };
		6F72BC9F266116C90066BE61 /* MainInteractor.swift in Sources */ = {isa = PBXBuildFile; fileRef = 6F72BC9E266116C90066BE61 /* MainInteractor.swift */; };
		6F72BCA1266116D50066BE61 /* MainRouter.swift in Sources */ = {isa = PBXBuildFile; fileRef = 6F72BCA0266116D50066BE61 /* MainRouter.swift */; };
		6F878ABD2695A1D00040F11D /* Model.xcdatamodeld in Sources */ = {isa = PBXBuildFile; fileRef = 6F878ABB2695A1D00040F11D /* Model.xcdatamodeld */; };
		6F878AE62695B5250040F11D /* BookDTO.swift in Sources */ = {isa = PBXBuildFile; fileRef = 6F878AE52695B5250040F11D /* BookDTO.swift */; };
		6F8A3A6D266E687900EDA7CA /* TabBarItemView.swift in Sources */ = {isa = PBXBuildFile; fileRef = 6F8A3A6C266E687900EDA7CA /* TabBarItemView.swift */; };
		6F8A3A6F266E688C00EDA7CA /* TabBarItemView.xib in Resources */ = {isa = PBXBuildFile; fileRef = 6F8A3A6E266E688C00EDA7CA /* TabBarItemView.xib */; };
		6FB45A082695C18C002799C3 /* InfoDTO.swift in Sources */ = {isa = PBXBuildFile; fileRef = 6FB45A072695C18C002799C3 /* InfoDTO.swift */; };
		6FB45A0A2695C1BD002799C3 /* ImageLinksDTO.swift in Sources */ = {isa = PBXBuildFile; fileRef = 6FB45A092695C1BD002799C3 /* ImageLinksDTO.swift */; };
		6FB45A0C2696E3B1002799C3 /* BookDataBase.swift in Sources */ = {isa = PBXBuildFile; fileRef = 6FB45A0B2696E3B1002799C3 /* BookDataBase.swift */; };
		6FB45A0E2696F82E002799C3 /* AboutPresenter.swift in Sources */ = {isa = PBXBuildFile; fileRef = 6FB45A0D2696F82E002799C3 /* AboutPresenter.swift */; };
		6FB45A102696F83F002799C3 /* AboutInteractor.swift in Sources */ = {isa = PBXBuildFile; fileRef = 6FB45A0F2696F83F002799C3 /* AboutInteractor.swift */; };
		6FB45A122696F84C002799C3 /* AboutContractor.swift in Sources */ = {isa = PBXBuildFile; fileRef = 6FB45A112696F84C002799C3 /* AboutContractor.swift */; };
		6FB45A16269893D4002799C3 /* FavouriteViewController.swift in Sources */ = {isa = PBXBuildFile; fileRef = 6FB45A14269893D4002799C3 /* FavouriteViewController.swift */; };
		6FB45A17269893D4002799C3 /* FavouriteViewController.xib in Resources */ = {isa = PBXBuildFile; fileRef = 6FB45A15269893D4002799C3 /* FavouriteViewController.xib */; };
		6FB45A19269893EF002799C3 /* FavouritePresenter.swift in Sources */ = {isa = PBXBuildFile; fileRef = 6FB45A18269893EF002799C3 /* FavouritePresenter.swift */; };
		6FB45A1B26989401002799C3 /* FavouriteInteractor.swift in Sources */ = {isa = PBXBuildFile; fileRef = 6FB45A1A26989401002799C3 /* FavouriteInteractor.swift */; };
		6FB45A1D2698940F002799C3 /* FavouriteRouter.swift in Sources */ = {isa = PBXBuildFile; fileRef = 6FB45A1C2698940F002799C3 /* FavouriteRouter.swift */; };
		6FB45A1F26989422002799C3 /* FavouriteContractor.swift in Sources */ = {isa = PBXBuildFile; fileRef = 6FB45A1E26989422002799C3 /* FavouriteContractor.swift */; };
		6FC132EF265FD0E700A19747 /* AppDelegate.swift in Sources */ = {isa = PBXBuildFile; fileRef = 6FC132EE265FD0E700A19747 /* AppDelegate.swift */; };
		6FC132F8265FD0E900A19747 /* Assets.xcassets in Resources */ = {isa = PBXBuildFile; fileRef = 6FC132F7265FD0E900A19747 /* Assets.xcassets */; };
		6FC132FB265FD0E900A19747 /* LaunchScreen.storyboard in Resources */ = {isa = PBXBuildFile; fileRef = 6FC132F9265FD0E900A19747 /* LaunchScreen.storyboard */; };
		6FC13306265FE2DC00A19747 /* MainViewController.swift in Sources */ = {isa = PBXBuildFile; fileRef = 6FC13304265FE2DC00A19747 /* MainViewController.swift */; };
		6FC13307265FE2DC00A19747 /* MainViewController.xib in Resources */ = {isa = PBXBuildFile; fileRef = 6FC13305265FE2DC00A19747 /* MainViewController.xib */; };
		6FC1330F265FF0C800A19747 /* MainContracts.swift in Sources */ = {isa = PBXBuildFile; fileRef = 6FC1330E265FF0C800A19747 /* MainContracts.swift */; };
		6FC13313265FF45000A19747 /* Book.swift in Sources */ = {isa = PBXBuildFile; fileRef = 6FC13312265FF45000A19747 /* Book.swift */; };
		6FC1331726610E0500A19747 /* Assembler.swift in Sources */ = {isa = PBXBuildFile; fileRef = 6FC1331626610E0500A19747 /* Assembler.swift */; };
		6FE24CA326A1C38D0026ACAF /* AnimationTestViewController.swift in Sources */ = {isa = PBXBuildFile; fileRef = 6FE24CA126A1C38D0026ACAF /* AnimationTestViewController.swift */; };
		6FE24CA426A1C38D0026ACAF /* AnimationTestViewController.xib in Resources */ = {isa = PBXBuildFile; fileRef = 6FE24CA226A1C38D0026ACAF /* AnimationTestViewController.xib */; };
		6FE5C31D2667A85900E4BF30 /* NavigationTabBarController.swift in Sources */ = {isa = PBXBuildFile; fileRef = 6FE5C31C2667A85900E4BF30 /* NavigationTabBarController.swift */; };
		6FE5C31F2667B09100E4BF30 /* TabNavigationView.swift in Sources */ = {isa = PBXBuildFile; fileRef = 6FE5C31E2667B09100E4BF30 /* TabNavigationView.swift */; };
		F18E2CAE14D2A996D2C1F869 /* libPods-BookViperExemple.a in Frameworks */ = {isa = PBXBuildFile; fileRef = 2CD2EE8225219BF2E76D208D /* libPods-BookViperExemple.a */; };
/* End PBXBuildFile section */

/* Begin PBXFileReference section */
		0991DD0D0121320B80ABC82D /* Pods-BookViperExemple.release.xcconfig */ = {isa = PBXFileReference; includeInIndex = 1; lastKnownFileType = text.xcconfig; name = "Pods-BookViperExemple.release.xcconfig"; path = "Target Support Files/Pods-BookViperExemple/Pods-BookViperExemple.release.xcconfig"; sourceTree = "<group>"; };
		2CD2EE8225219BF2E76D208D /* libPods-BookViperExemple.a */ = {isa = PBXFileReference; explicitFileType = archive.ar; includeInIndex = 0; path = "libPods-BookViperExemple.a"; sourceTree = BUILT_PRODUCTS_DIR; };
		6F0FC369267CB807004671DF /* libSDWebImage.a */ = {isa = PBXFileReference; explicitFileType = archive.ar; path = libSDWebImage.a; sourceTree = BUILT_PRODUCTS_DIR; };
		6F0FC36F267CE55A004671DF /* BooksNavigationBar.swift */ = {isa = PBXFileReference; lastKnownFileType = sourcecode.swift; path = BooksNavigationBar.swift; sourceTree = "<group>"; };
		6F0FC3722680973A004671DF /* NetworkManager.swift */ = {isa = PBXFileReference; lastKnownFileType = sourcecode.swift; path = NetworkManager.swift; sourceTree = "<group>"; };
		6F0FC3762689ED8D004671DF /* CercleProgressBar.swift */ = {isa = PBXFileReference; lastKnownFileType = sourcecode.swift; path = CercleProgressBar.swift; sourceTree = "<group>"; };
		6F0FC378268E0CAD004671DF /* GoogleBooksAPI.swift */ = {isa = PBXFileReference; lastKnownFileType = sourcecode.swift; path = GoogleBooksAPI.swift; sourceTree = "<group>"; };
		6F0FC37A268E0FBB004671DF /* CodableService.swift */ = {isa = PBXFileReference; lastKnownFileType = sourcecode.swift; path = CodableService.swift; sourceTree = "<group>"; };
		6F0FC37D268F1616004671DF /* AboutViewController.swift */ = {isa = PBXFileReference; lastKnownFileType = sourcecode.swift; path = AboutViewController.swift; sourceTree = "<group>"; };
		6F0FC37E268F1616004671DF /* AboutViewController.xib */ = {isa = PBXFileReference; lastKnownFileType = file.xib; path = AboutViewController.xib; sourceTree = "<group>"; };
		6F1272D82678AD8B00D4050A /* BookCollectionViewCell.swift */ = {isa = PBXFileReference; lastKnownFileType = sourcecode.swift; path = BookCollectionViewCell.swift; sourceTree = "<group>"; };
		6F1272D92678AD8B00D4050A /* BookCollectionViewCell.xib */ = {isa = PBXFileReference; lastKnownFileType = file.xib; path = BookCollectionViewCell.xib; sourceTree = "<group>"; };
		6F24F3FE26B08A33002C2AD2 /* BookCelll.swift */ = {isa = PBXFileReference; lastKnownFileType = sourcecode.swift; path = BookCelll.swift; sourceTree = "<group>"; };
		6F24F3FF26B08A33002C2AD2 /* BookCelll.xib */ = {isa = PBXFileReference; lastKnownFileType = file.xib; path = BookCelll.xib; sourceTree = "<group>"; };
		6F36E231267A5B3A00BF9F8A /* HeaderCollectionReusableView.swift */ = {isa = PBXFileReference; lastKnownFileType = sourcecode.swift; path = HeaderCollectionReusableView.swift; sourceTree = "<group>"; };
		6F36E232267A5B3A00BF9F8A /* HeaderCollectionReusableView.xib */ = {isa = PBXFileReference; lastKnownFileType = file.xib; path = HeaderCollectionReusableView.xib; sourceTree = "<group>"; };
		6F67D7AC26678C6600E350D0 /* TabItem.swift */ = {isa = PBXFileReference; lastKnownFileType = sourcecode.swift; path = TabItem.swift; sourceTree = "<group>"; };
		6F72BC9C266116B20066BE61 /* MainPresenter.swift */ = {isa = PBXFileReference; lastKnownFileType = sourcecode.swift; path = MainPresenter.swift; sourceTree = "<group>"; };
		6F72BC9E266116C90066BE61 /* MainInteractor.swift */ = {isa = PBXFileReference; lastKnownFileType = sourcecode.swift; path = MainInteractor.swift; sourceTree = "<group>"; };
		6F72BCA0266116D50066BE61 /* MainRouter.swift */ = {isa = PBXFileReference; lastKnownFileType = sourcecode.swift; path = MainRouter.swift; sourceTree = "<group>"; };
		6F878ABC2695A1D00040F11D /* Model.xcdatamodel */ = {isa = PBXFileReference; lastKnownFileType = wrapper.xcdatamodel; path = Model.xcdatamodel; sourceTree = "<group>"; };
		6F878AE52695B5250040F11D /* BookDTO.swift */ = {isa = PBXFileReference; lastKnownFileType = sourcecode.swift; path = BookDTO.swift; sourceTree = "<group>"; };
		6F8A3A6C266E687900EDA7CA /* TabBarItemView.swift */ = {isa = PBXFileReference; lastKnownFileType = sourcecode.swift; path = TabBarItemView.swift; sourceTree = "<group>"; };
		6F8A3A6E266E688C00EDA7CA /* TabBarItemView.xib */ = {isa = PBXFileReference; lastKnownFileType = file.xib; path = TabBarItemView.xib; sourceTree = "<group>"; };
		6FB45A072695C18C002799C3 /* InfoDTO.swift */ = {isa = PBXFileReference; lastKnownFileType = sourcecode.swift; path = InfoDTO.swift; sourceTree = "<group>"; };
		6FB45A092695C1BD002799C3 /* ImageLinksDTO.swift */ = {isa = PBXFileReference; lastKnownFileType = sourcecode.swift; path = ImageLinksDTO.swift; sourceTree = "<group>"; };
		6FB45A0B2696E3B1002799C3 /* BookDataBase.swift */ = {isa = PBXFileReference; lastKnownFileType = sourcecode.swift; path = BookDataBase.swift; sourceTree = "<group>"; };
		6FB45A0D2696F82E002799C3 /* AboutPresenter.swift */ = {isa = PBXFileReference; lastKnownFileType = sourcecode.swift; path = AboutPresenter.swift; sourceTree = "<group>"; };
		6FB45A0F2696F83F002799C3 /* AboutInteractor.swift */ = {isa = PBXFileReference; lastKnownFileType = sourcecode.swift; path = AboutInteractor.swift; sourceTree = "<group>"; };
		6FB45A112696F84C002799C3 /* AboutContractor.swift */ = {isa = PBXFileReference; lastKnownFileType = sourcecode.swift; path = AboutContractor.swift; sourceTree = "<group>"; };
		6FB45A14269893D4002799C3 /* FavouriteViewController.swift */ = {isa = PBXFileReference; lastKnownFileType = sourcecode.swift; path = FavouriteViewController.swift; sourceTree = "<group>"; };
		6FB45A15269893D4002799C3 /* FavouriteViewController.xib */ = {isa = PBXFileReference; lastKnownFileType = file.xib; path = FavouriteViewController.xib; sourceTree = "<group>"; };
		6FB45A18269893EF002799C3 /* FavouritePresenter.swift */ = {isa = PBXFileReference; lastKnownFileType = sourcecode.swift; path = FavouritePresenter.swift; sourceTree = "<group>"; };
		6FB45A1A26989401002799C3 /* FavouriteInteractor.swift */ = {isa = PBXFileReference; lastKnownFileType = sourcecode.swift; path = FavouriteInteractor.swift; sourceTree = "<group>"; };
		6FB45A1C2698940F002799C3 /* FavouriteRouter.swift */ = {isa = PBXFileReference; lastKnownFileType = sourcecode.swift; path = FavouriteRouter.swift; sourceTree = "<group>"; };
		6FB45A1E26989422002799C3 /* FavouriteContractor.swift */ = {isa = PBXFileReference; lastKnownFileType = sourcecode.swift; path = FavouriteContractor.swift; sourceTree = "<group>"; };
		6FC132EB265FD0E700A19747 /* BookViperExemple.app */ = {isa = PBXFileReference; explicitFileType = wrapper.application; includeInIndex = 0; path = BookViperExemple.app; sourceTree = BUILT_PRODUCTS_DIR; };
		6FC132EE265FD0E700A19747 /* AppDelegate.swift */ = {isa = PBXFileReference; lastKnownFileType = sourcecode.swift; path = AppDelegate.swift; sourceTree = "<group>"; };
		6FC132F7265FD0E900A19747 /* Assets.xcassets */ = {isa = PBXFileReference; lastKnownFileType = folder.assetcatalog; path = Assets.xcassets; sourceTree = "<group>"; };
		6FC132FA265FD0E900A19747 /* Base */ = {isa = PBXFileReference; lastKnownFileType = file.storyboard; name = Base; path = Base.lproj/LaunchScreen.storyboard; sourceTree = "<group>"; };
		6FC132FC265FD0E900A19747 /* Info.plist */ = {isa = PBXFileReference; lastKnownFileType = text.plist.xml; path = Info.plist; sourceTree = "<group>"; };
		6FC13304265FE2DC00A19747 /* MainViewController.swift */ = {isa = PBXFileReference; lastKnownFileType = sourcecode.swift; path = MainViewController.swift; sourceTree = "<group>"; };
		6FC13305265FE2DC00A19747 /* MainViewController.xib */ = {isa = PBXFileReference; lastKnownFileType = file.xib; path = MainViewController.xib; sourceTree = "<group>"; };
		6FC1330E265FF0C800A19747 /* MainContracts.swift */ = {isa = PBXFileReference; lastKnownFileType = sourcecode.swift; path = MainContracts.swift; sourceTree = "<group>"; };
		6FC13312265FF45000A19747 /* Book.swift */ = {isa = PBXFileReference; lastKnownFileType = sourcecode.swift; path = Book.swift; sourceTree = "<group>"; };
		6FC1331626610E0500A19747 /* Assembler.swift */ = {isa = PBXFileReference; lastKnownFileType = sourcecode.swift; path = Assembler.swift; sourceTree = "<group>"; };
		6FE24CA126A1C38D0026ACAF /* AnimationTestViewController.swift */ = {isa = PBXFileReference; lastKnownFileType = sourcecode.swift; path = AnimationTestViewController.swift; sourceTree = "<group>"; };
		6FE24CA226A1C38D0026ACAF /* AnimationTestViewController.xib */ = {isa = PBXFileReference; lastKnownFileType = file.xib; path = AnimationTestViewController.xib; sourceTree = "<group>"; };
		6FE5C31C2667A85900E4BF30 /* NavigationTabBarController.swift */ = {isa = PBXFileReference; lastKnownFileType = sourcecode.swift; path = NavigationTabBarController.swift; sourceTree = "<group>"; };
		6FE5C31E2667B09100E4BF30 /* TabNavigationView.swift */ = {isa = PBXFileReference; lastKnownFileType = sourcecode.swift; path = TabNavigationView.swift; sourceTree = "<group>"; };
		A3383370FB27ED709A58E99A /* Pods-BookViperExemple.debug.xcconfig */ = {isa = PBXFileReference; includeInIndex = 1; lastKnownFileType = text.xcconfig; name = "Pods-BookViperExemple.debug.xcconfig"; path = "Target Support Files/Pods-BookViperExemple/Pods-BookViperExemple.debug.xcconfig"; sourceTree = "<group>"; };
/* End PBXFileReference section */

/* Begin PBXFrameworksBuildPhase section */
		6FC132E8265FD0E700A19747 /* Frameworks */ = {
			isa = PBXFrameworksBuildPhase;
			buildActionMask = 2147483647;
			files = (
				F18E2CAE14D2A996D2C1F869 /* libPods-BookViperExemple.a in Frameworks */,
			);
			runOnlyForDeploymentPostprocessing = 0;
		};
/* End PBXFrameworksBuildPhase section */

/* Begin PBXGroup section */
		26A4DA80850967C6C7DF27F0 /* Frameworks */ = {
			isa = PBXGroup;
			children = (
				6F0FC369267CB807004671DF /* libSDWebImage.a */,
				2CD2EE8225219BF2E76D208D /* libPods-BookViperExemple.a */,
			);
			name = Frameworks;
			sourceTree = "<group>";
		};
		6872D4FD37E40AF1298F5C9F /* Pods */ = {
			isa = PBXGroup;
			children = (
				A3383370FB27ED709A58E99A /* Pods-BookViperExemple.debug.xcconfig */,
				0991DD0D0121320B80ABC82D /* Pods-BookViperExemple.release.xcconfig */,
			);
			path = Pods;
			sourceTree = "<group>";
		};
		6F0FC36E267CE523004671DF /* Utils */ = {
			isa = PBXGroup;
			children = (
				6F0FC36F267CE55A004671DF /* BooksNavigationBar.swift */,
				6F0FC3762689ED8D004671DF /* CercleProgressBar.swift */,
			);
			path = Utils;
			sourceTree = "<group>";
		};
		6F0FC3712680971C004671DF /* Network */ = {
			isa = PBXGroup;
			children = (
				6F0FC3722680973A004671DF /* NetworkManager.swift */,
				6F0FC37A268E0FBB004671DF /* CodableService.swift */,
			);
			path = Network;
			sourceTree = "<group>";
		};
		6F0FC37C268F15C1004671DF /* About */ = {
			isa = PBXGroup;
			children = (
				6F0FC37D268F1616004671DF /* AboutViewController.swift */,
				6F0FC37E268F1616004671DF /* AboutViewController.xib */,
				6FB45A0D2696F82E002799C3 /* AboutPresenter.swift */,
				6FB45A0F2696F83F002799C3 /* AboutInteractor.swift */,
				6FB45A112696F84C002799C3 /* AboutContractor.swift */,
			);
			path = About;
			sourceTree = "<group>";
		};
		6F1272D72678AD6D00D4050A /* Cell */ = {
			isa = PBXGroup;
			children = (
				6F1272D82678AD8B00D4050A /* BookCollectionViewCell.swift */,
				6F1272D92678AD8B00D4050A /* BookCollectionViewCell.xib */,
				6F36E231267A5B3A00BF9F8A /* HeaderCollectionReusableView.swift */,
				6F36E232267A5B3A00BF9F8A /* HeaderCollectionReusableView.xib */,
			);
			path = Cell;
			sourceTree = "<group>";
		};
		6F24F3FD26B089F6002C2AD2 /* Cell */ = {
			isa = PBXGroup;
			children = (
				6F24F3FE26B08A33002C2AD2 /* BookCelll.swift */,
				6F24F3FF26B08A33002C2AD2 /* BookCelll.xib */,
			);
			path = Cell;
			sourceTree = "<group>";
		};
		6F67D7AB26678C4800E350D0 /* TabBar */ = {
			isa = PBXGroup;
			children = (
				6F8A3A6B266E67B500EDA7CA /* TabBarItem */,
				6F67D7AC26678C6600E350D0 /* TabItem.swift */,
				6FE5C31C2667A85900E4BF30 /* NavigationTabBarController.swift */,
				6FE5C31E2667B09100E4BF30 /* TabNavigationView.swift */,
			);
			path = TabBar;
			sourceTree = "<group>";
		};
		6F878AE42695B5070040F11D /* CoreData */ = {
			isa = PBXGroup;
			children = (
				6F878AE52695B5250040F11D /* BookDTO.swift */,
				6FB45A072695C18C002799C3 /* InfoDTO.swift */,
				6FB45A092695C1BD002799C3 /* ImageLinksDTO.swift */,
			);
			path = CoreData;
			sourceTree = "<group>";
		};
		6F8A3A6B266E67B500EDA7CA /* TabBarItem */ = {
			isa = PBXGroup;
			children = (
				6F8A3A6C266E687900EDA7CA /* TabBarItemView.swift */,
				6F8A3A6E266E688C00EDA7CA /* TabBarItemView.xib */,
			);
			path = TabBarItem;
			sourceTree = "<group>";
		};
		6FB45A1326989200002799C3 /* Favourite */ = {
			isa = PBXGroup;
			children = (
				6FB45A20269C638C002799C3 /* Cell */,
				6FB45A14269893D4002799C3 /* FavouriteViewController.swift */,
				6FB45A15269893D4002799C3 /* FavouriteViewController.xib */,
				6FB45A18269893EF002799C3 /* FavouritePresenter.swift */,
				6FB45A1A26989401002799C3 /* FavouriteInteractor.swift */,
				6FB45A1C2698940F002799C3 /* FavouriteRouter.swift */,
				6FB45A1E26989422002799C3 /* FavouriteContractor.swift */,
			);
			path = Favourite;
			sourceTree = "<group>";
		};
		6FB45A20269C638C002799C3 /* Cell */ = {
			isa = PBXGroup;
			children = (
			);
			path = Cell;
			sourceTree = "<group>";
		};
		6FC132E2265FD0E700A19747 = {
			isa = PBXGroup;
			children = (
				6FC132ED265FD0E700A19747 /* BookViperExemple */,
				6FC132EC265FD0E700A19747 /* Products */,
				6872D4FD37E40AF1298F5C9F /* Pods */,
				26A4DA80850967C6C7DF27F0 /* Frameworks */,
			);
			sourceTree = "<group>";
		};
		6FC132EC265FD0E700A19747 /* Products */ = {
			isa = PBXGroup;
			children = (
				6FC132EB265FD0E700A19747 /* BookViperExemple.app */,
			);
			name = Products;
			sourceTree = "<group>";
		};
		6FC132ED265FD0E700A19747 /* BookViperExemple */ = {
			isa = PBXGroup;
			children = (
				6F0FC36E267CE523004671DF /* Utils */,
				6FC13311265FF17300A19747 /* Entities */,
				6FC13310265FF16800A19747 /* Services */,
				6FC13302265FE1F800A19747 /* Modules */,
				6FC132EE265FD0E700A19747 /* AppDelegate.swift */,
				6FC132F7265FD0E900A19747 /* Assets.xcassets */,
				6FC132F9265FD0E900A19747 /* LaunchScreen.storyboard */,
				6FC132FC265FD0E900A19747 /* Info.plist */,
				6FC1331626610E0500A19747 /* Assembler.swift */,
				6F878ABB2695A1D00040F11D /* Model.xcdatamodeld */,
			);
			path = BookViperExemple;
			sourceTree = "<group>";
		};
		6FC13302265FE1F800A19747 /* Modules */ = {
			isa = PBXGroup;
			children = (
				6FE24CA026A1C3630026ACAF /* AnimationTest */,
				6FB45A1326989200002799C3 /* Favourite */,
				6F0FC37C268F15C1004671DF /* About */,
				6F67D7AB26678C4800E350D0 /* TabBar */,
				6FC13303265FE20400A19747 /* Main */,
			);
			path = Modules;
			sourceTree = "<group>";
		};
		6FC13303265FE20400A19747 /* Main */ = {
			isa = PBXGroup;
			children = (
				6F1272D72678AD6D00D4050A /* Cell */,
				6FC13304265FE2DC00A19747 /* MainViewController.swift */,
				6FC13305265FE2DC00A19747 /* MainViewController.xib */,
				6FC1330E265FF0C800A19747 /* MainContracts.swift */,
				6F72BC9C266116B20066BE61 /* MainPresenter.swift */,
				6F72BC9E266116C90066BE61 /* MainInteractor.swift */,
				6F72BCA0266116D50066BE61 /* MainRouter.swift */,
			);
			path = Main;
			sourceTree = "<group>";
		};
		6FC13310265FF16800A19747 /* Services */ = {
			isa = PBXGroup;
			children = (
				6F0FC3712680971C004671DF /* Network */,
				6F0FC378268E0CAD004671DF /* GoogleBooksAPI.swift */,
				6FB45A0B2696E3B1002799C3 /* BookDataBase.swift */,
			);
			path = Services;
			sourceTree = "<group>";
		};
		6FC13311265FF17300A19747 /* Entities */ = {
			isa = PBXGroup;
			children = (
				6F878AE42695B5070040F11D /* CoreData */,
				6FC13312265FF45000A19747 /* Book.swift */,
			);
			path = Entities;
			sourceTree = "<group>";
		};
		6FE24CA026A1C3630026ACAF /* AnimationTest */ = {
			isa = PBXGroup;
			children = (
				6F24F3FD26B089F6002C2AD2 /* Cell */,
				6FE24CA126A1C38D0026ACAF /* AnimationTestViewController.swift */,
				6FE24CA226A1C38D0026ACAF /* AnimationTestViewController.xib */,
			);
			path = AnimationTest;
			sourceTree = "<group>";
		};
/* End PBXGroup section */

/* Begin PBXNativeTarget section */
		6FC132EA265FD0E700A19747 /* BookViperExemple */ = {
			isa = PBXNativeTarget;
			buildConfigurationList = 6FC132FF265FD0E900A19747 /* Build configuration list for PBXNativeTarget "BookViperExemple" */;
			buildPhases = (
				AE5038F74C0ED7B4ACA748BA /* [CP] Check Pods Manifest.lock */,
				6FC132E7265FD0E700A19747 /* Sources */,
				6FC132E8265FD0E700A19747 /* Frameworks */,
				6FC132E9265FD0E700A19747 /* Resources */,
			);
			buildRules = (
			);
			dependencies = (
			);
			name = BookViperExemple;
			packageProductDependencies = (
			);
			productName = BookViperExemple;
			productReference = 6FC132EB265FD0E700A19747 /* BookViperExemple.app */;
			productType = "com.apple.product-type.application";
		};
/* End PBXNativeTarget section */

/* Begin PBXProject section */
		6FC132E3265FD0E700A19747 /* Project object */ = {
			isa = PBXProject;
			attributes = {
				LastSwiftUpdateCheck = 1250;
				LastUpgradeCheck = 1250;
				TargetAttributes = {
					6FC132EA265FD0E700A19747 = {
						CreatedOnToolsVersion = 12.5;
					};
				};
			};
			buildConfigurationList = 6FC132E6265FD0E700A19747 /* Build configuration list for PBXProject "BookViperExemple" */;
			compatibilityVersion = "Xcode 9.3";
			developmentRegion = en;
			hasScannedForEncodings = 0;
			knownRegions = (
				en,
				Base,
			);
			mainGroup = 6FC132E2265FD0E700A19747;
			packageReferences = (
			);
			productRefGroup = 6FC132EC265FD0E700A19747 /* Products */;
			projectDirPath = "";
			projectRoot = "";
			targets = (
				6FC132EA265FD0E700A19747 /* BookViperExemple */,
			);
		};
/* End PBXProject section */

/* Begin PBXResourcesBuildPhase section */
		6FC132E9265FD0E700A19747 /* Resources */ = {
			isa = PBXResourcesBuildPhase;
			buildActionMask = 2147483647;
			files = (
				6FB45A17269893D4002799C3 /* FavouriteViewController.xib in Resources */,
				6F8A3A6F266E688C00EDA7CA /* TabBarItemView.xib in Resources */,
				6F0FC380268F1616004671DF /* AboutViewController.xib in Resources */,
				6FC132FB265FD0E900A19747 /* LaunchScreen.storyboard in Resources */,
				6FE24CA426A1C38D0026ACAF /* AnimationTestViewController.xib in Resources */,
				6F36E234267A5B3A00BF9F8A /* HeaderCollectionReusableView.xib in Resources */,
				6FC13307265FE2DC00A19747 /* MainViewController.xib in Resources */,
				6FC132F8265FD0E900A19747 /* Assets.xcassets in Resources */,
				6F1272DB2678AD8B00D4050A /* BookCollectionViewCell.xib in Resources */,
				6F24F40126B08A33002C2AD2 /* BookCelll.xib in Resources */,
			);
			runOnlyForDeploymentPostprocessing = 0;
		};
/* End PBXResourcesBuildPhase section */

/* Begin PBXShellScriptBuildPhase section */
		AE5038F74C0ED7B4ACA748BA /* [CP] Check Pods Manifest.lock */ = {
			isa = PBXShellScriptBuildPhase;
			buildActionMask = 2147483647;
			files = (
			);
			inputFileListPaths = (
			);
			inputPaths = (
				"${PODS_PODFILE_DIR_PATH}/Podfile.lock",
				"${PODS_ROOT}/Manifest.lock",
			);
			name = "[CP] Check Pods Manifest.lock";
			outputFileListPaths = (
			);
			outputPaths = (
				"$(DERIVED_FILE_DIR)/Pods-BookViperExemple-checkManifestLockResult.txt",
			);
			runOnlyForDeploymentPostprocessing = 0;
			shellPath = /bin/sh;
			shellScript = "diff \"${PODS_PODFILE_DIR_PATH}/Podfile.lock\" \"${PODS_ROOT}/Manifest.lock\" > /dev/null\nif [ $? != 0 ] ; then\n    # print error to STDERR\n    echo \"error: The sandbox is not in sync with the Podfile.lock. Run 'pod install' or update your CocoaPods installation.\" >&2\n    exit 1\nfi\n# This output is used by Xcode 'outputs' to avoid re-running this script phase.\necho \"SUCCESS\" > \"${SCRIPT_OUTPUT_FILE_0}\"\n";
			showEnvVarsInLog = 0;
		};
/* End PBXShellScriptBuildPhase section */

/* Begin PBXSourcesBuildPhase section */
		6FC132E7265FD0E700A19747 /* Sources */ = {
			isa = PBXSourcesBuildPhase;
			buildActionMask = 2147483647;
			files = (
				6F878AE62695B5250040F11D /* BookDTO.swift in Sources */,
				6FB45A082695C18C002799C3 /* InfoDTO.swift in Sources */,
				6FC13313265FF45000A19747 /* Book.swift in Sources */,
				6FB45A102696F83F002799C3 /* AboutInteractor.swift in Sources */,
				6FB45A1F26989422002799C3 /* FavouriteContractor.swift in Sources */,
				6F8A3A6D266E687900EDA7CA /* TabBarItemView.swift in Sources */,
				6FC1330F265FF0C800A19747 /* MainContracts.swift in Sources */,
				6FB45A1D2698940F002799C3 /* FavouriteRouter.swift in Sources */,
				6F0FC37B268E0FBB004671DF /* CodableService.swift in Sources */,
				6FE5C31D2667A85900E4BF30 /* NavigationTabBarController.swift in Sources */,
				6FC1331726610E0500A19747 /* Assembler.swift in Sources */,
				6FE24CA326A1C38D0026ACAF /* AnimationTestViewController.swift in Sources */,
				6F0FC3772689ED8D004671DF /* CercleProgressBar.swift in Sources */,
				6FB45A1B26989401002799C3 /* FavouriteInteractor.swift in Sources */,
				6F0FC370267CE55A004671DF /* BooksNavigationBar.swift in Sources */,
				6FC132EF265FD0E700A19747 /* AppDelegate.swift in Sources */,
				6FE5C31F2667B09100E4BF30 /* TabNavigationView.swift in Sources */,
				6FB45A0E2696F82E002799C3 /* AboutPresenter.swift in Sources */,
				6FB45A122696F84C002799C3 /* AboutContractor.swift in Sources */,
				6F72BC9D266116B20066BE61 /* MainPresenter.swift in Sources */,
				6FB45A19269893EF002799C3 /* FavouritePresenter.swift in Sources */,
				6FB45A16269893D4002799C3 /* FavouriteViewController.swift in Sources */,
				6F0FC3732680973A004671DF /* NetworkManager.swift in Sources */,
				6F24F40026B08A33002C2AD2 /* BookCelll.swift in Sources */,
				6FC13306265FE2DC00A19747 /* MainViewController.swift in Sources */,
				6F72BC9F266116C90066BE61 /* MainInteractor.swift in Sources */,
				6F1272DA2678AD8B00D4050A /* BookCollectionViewCell.swift in Sources */,
				6FB45A0A2695C1BD002799C3 /* ImageLinksDTO.swift in Sources */,
				6F72BCA1266116D50066BE61 /* MainRouter.swift in Sources */,
				6F36E233267A5B3A00BF9F8A /* HeaderCollectionReusableView.swift in Sources */,
				6FB45A0C2696E3B1002799C3 /* BookDataBase.swift in Sources */,
				6F878ABD2695A1D00040F11D /* Model.xcdatamodeld in Sources */,
				6F0FC379268E0CAD004671DF /* GoogleBooksAPI.swift in Sources */,
				6F0FC37F268F1616004671DF /* AboutViewController.swift in Sources */,
				6F67D7AD26678C6600E350D0 /* TabItem.swift in Sources */,
			);
			runOnlyForDeploymentPostprocessing = 0;
		};
/* End PBXSourcesBuildPhase section */

/* Begin PBXVariantGroup section */
		6FC132F9265FD0E900A19747 /* LaunchScreen.storyboard */ = {
			isa = PBXVariantGroup;
			children = (
				6FC132FA265FD0E900A19747 /* Base */,
			);
			name = LaunchScreen.storyboard;
			sourceTree = "<group>";
		};
/* End PBXVariantGroup section */

/* Begin XCBuildConfiguration section */
		6FC132FD265FD0E900A19747 /* Debug */ = {
			isa = XCBuildConfiguration;
			buildSettings = {
				ALWAYS_SEARCH_USER_PATHS = NO;
				CLANG_ANALYZER_NONNULL = YES;
				CLANG_ANALYZER_NUMBER_OBJECT_CONVERSION = YES_AGGRESSIVE;
				CLANG_CXX_LANGUAGE_STANDARD = "gnu++14";
				CLANG_CXX_LIBRARY = "libc++";
				CLANG_ENABLE_MODULES = YES;
				CLANG_ENABLE_OBJC_ARC = YES;
				CLANG_ENABLE_OBJC_WEAK = YES;
				CLANG_WARN_BLOCK_CAPTURE_AUTORELEASING = YES;
				CLANG_WARN_BOOL_CONVERSION = YES;
				CLANG_WARN_COMMA = YES;
				CLANG_WARN_CONSTANT_CONVERSION = YES;
				CLANG_WARN_DEPRECATED_OBJC_IMPLEMENTATIONS = YES;
				CLANG_WARN_DIRECT_OBJC_ISA_USAGE = YES_ERROR;
				CLANG_WARN_DOCUMENTATION_COMMENTS = YES;
				CLANG_WARN_EMPTY_BODY = YES;
				CLANG_WARN_ENUM_CONVERSION = YES;
				CLANG_WARN_INFINITE_RECURSION = YES;
				CLANG_WARN_INT_CONVERSION = YES;
				CLANG_WARN_NON_LITERAL_NULL_CONVERSION = YES;
				CLANG_WARN_OBJC_IMPLICIT_RETAIN_SELF = YES;
				CLANG_WARN_OBJC_LITERAL_CONVERSION = YES;
				CLANG_WARN_OBJC_ROOT_CLASS = YES_ERROR;
				CLANG_WARN_QUOTED_INCLUDE_IN_FRAMEWORK_HEADER = YES;
				CLANG_WARN_RANGE_LOOP_ANALYSIS = YES;
				CLANG_WARN_STRICT_PROTOTYPES = YES;
				CLANG_WARN_SUSPICIOUS_MOVE = YES;
				CLANG_WARN_UNGUARDED_AVAILABILITY = YES_AGGRESSIVE;
				CLANG_WARN_UNREACHABLE_CODE = YES;
				CLANG_WARN__DUPLICATE_METHOD_MATCH = YES;
				COPY_PHASE_STRIP = NO;
				DEBUG_INFORMATION_FORMAT = dwarf;
				ENABLE_STRICT_OBJC_MSGSEND = YES;
				ENABLE_TESTABILITY = YES;
				GCC_C_LANGUAGE_STANDARD = gnu11;
				GCC_DYNAMIC_NO_PIC = NO;
				GCC_NO_COMMON_BLOCKS = YES;
				GCC_OPTIMIZATION_LEVEL = 0;
				GCC_PREPROCESSOR_DEFINITIONS = (
					"DEBUG=1",
					"$(inherited)",
				);
				GCC_WARN_64_TO_32_BIT_CONVERSION = YES;
				GCC_WARN_ABOUT_RETURN_TYPE = YES_ERROR;
				GCC_WARN_UNDECLARED_SELECTOR = YES;
				GCC_WARN_UNINITIALIZED_AUTOS = YES_AGGRESSIVE;
				GCC_WARN_UNUSED_FUNCTION = YES;
				GCC_WARN_UNUSED_VARIABLE = YES;
				IPHONEOS_DEPLOYMENT_TARGET = 14.5;
				MTL_ENABLE_DEBUG_INFO = INCLUDE_SOURCE;
				MTL_FAST_MATH = YES;
				ONLY_ACTIVE_ARCH = YES;
				SDKROOT = iphoneos;
				SWIFT_ACTIVE_COMPILATION_CONDITIONS = DEBUG;
				SWIFT_OPTIMIZATION_LEVEL = "-Onone";
			};
			name = Debug;
		};
		6FC132FE265FD0E900A19747 /* Release */ = {
			isa = XCBuildConfiguration;
			buildSettings = {
				ALWAYS_SEARCH_USER_PATHS = NO;
				CLANG_ANALYZER_NONNULL = YES;
				CLANG_ANALYZER_NUMBER_OBJECT_CONVERSION = YES_AGGRESSIVE;
				CLANG_CXX_LANGUAGE_STANDARD = "gnu++14";
				CLANG_CXX_LIBRARY = "libc++";
				CLANG_ENABLE_MODULES = YES;
				CLANG_ENABLE_OBJC_ARC = YES;
				CLANG_ENABLE_OBJC_WEAK = YES;
				CLANG_WARN_BLOCK_CAPTURE_AUTORELEASING = YES;
				CLANG_WARN_BOOL_CONVERSION = YES;
				CLANG_WARN_COMMA = YES;
				CLANG_WARN_CONSTANT_CONVERSION = YES;
				CLANG_WARN_DEPRECATED_OBJC_IMPLEMENTATIONS = YES;
				CLANG_WARN_DIRECT_OBJC_ISA_USAGE = YES_ERROR;
				CLANG_WARN_DOCUMENTATION_COMMENTS = YES;
				CLANG_WARN_EMPTY_BODY = YES;
				CLANG_WARN_ENUM_CONVERSION = YES;
				CLANG_WARN_INFINITE_RECURSION = YES;
				CLANG_WARN_INT_CONVERSION = YES;
				CLANG_WARN_NON_LITERAL_NULL_CONVERSION = YES;
				CLANG_WARN_OBJC_IMPLICIT_RETAIN_SELF = YES;
				CLANG_WARN_OBJC_LITERAL_CONVERSION = YES;
				CLANG_WARN_OBJC_ROOT_CLASS = YES_ERROR;
				CLANG_WARN_QUOTED_INCLUDE_IN_FRAMEWORK_HEADER = YES;
				CLANG_WARN_RANGE_LOOP_ANALYSIS = YES;
				CLANG_WARN_STRICT_PROTOTYPES = YES;
				CLANG_WARN_SUSPICIOUS_MOVE = YES;
				CLANG_WARN_UNGUARDED_AVAILABILITY = YES_AGGRESSIVE;
				CLANG_WARN_UNREACHABLE_CODE = YES;
				CLANG_WARN__DUPLICATE_METHOD_MATCH = YES;
				COPY_PHASE_STRIP = NO;
				DEBUG_INFORMATION_FORMAT = "dwarf-with-dsym";
				ENABLE_NS_ASSERTIONS = NO;
				ENABLE_STRICT_OBJC_MSGSEND = YES;
				GCC_C_LANGUAGE_STANDARD = gnu11;
				GCC_NO_COMMON_BLOCKS = YES;
				GCC_WARN_64_TO_32_BIT_CONVERSION = YES;
				GCC_WARN_ABOUT_RETURN_TYPE = YES_ERROR;
				GCC_WARN_UNDECLARED_SELECTOR = YES;
				GCC_WARN_UNINITIALIZED_AUTOS = YES_AGGRESSIVE;
				GCC_WARN_UNUSED_FUNCTION = YES;
				GCC_WARN_UNUSED_VARIABLE = YES;
				IPHONEOS_DEPLOYMENT_TARGET = 14.5;
				MTL_ENABLE_DEBUG_INFO = NO;
				MTL_FAST_MATH = YES;
				SDKROOT = iphoneos;
				SWIFT_COMPILATION_MODE = wholemodule;
				SWIFT_OPTIMIZATION_LEVEL = "-O";
				VALIDATE_PRODUCT = YES;
			};
			name = Release;
		};
		6FC13300265FD0E900A19747 /* Debug */ = {
			isa = XCBuildConfiguration;
			baseConfigurationReference = A3383370FB27ED709A58E99A /* Pods-BookViperExemple.debug.xcconfig */;
			buildSettings = {
				ASSETCATALOG_COMPILER_APPICON_NAME = AppIcon;
				ASSETCATALOG_COMPILER_GLOBAL_ACCENT_COLOR_NAME = AccentColor;
				CODE_SIGN_STYLE = Automatic;
				DEVELOPMENT_TEAM = 44665WVLXT;
				INFOPLIST_FILE = BookViperExemple/Info.plist;
				LD_RUNPATH_SEARCH_PATHS = (
					"$(inherited)",
					"@executable_path/Frameworks",
				);
				PRODUCT_BUNDLE_IDENTIFIER = com.single.BookViperExemple;
				PRODUCT_NAME = "$(TARGET_NAME)";
				SWIFT_VERSION = 5.0;
				TARGETED_DEVICE_FAMILY = "1,2";
			};
			name = Debug;
		};
		6FC13301265FD0E900A19747 /* Release */ = {
			isa = XCBuildConfiguration;
			baseConfigurationReference = 0991DD0D0121320B80ABC82D /* Pods-BookViperExemple.release.xcconfig */;
			buildSettings = {
				ASSETCATALOG_COMPILER_APPICON_NAME = AppIcon;
				ASSETCATALOG_COMPILER_GLOBAL_ACCENT_COLOR_NAME = AccentColor;
				CODE_SIGN_STYLE = Automatic;
				DEVELOPMENT_TEAM = 44665WVLXT;
				INFOPLIST_FILE = BookViperExemple/Info.plist;
				LD_RUNPATH_SEARCH_PATHS = (
					"$(inherited)",
					"@executable_path/Frameworks",
				);
				PRODUCT_BUNDLE_IDENTIFIER = com.single.BookViperExemple;
				PRODUCT_NAME = "$(TARGET_NAME)";
				SWIFT_VERSION = 5.0;
				TARGETED_DEVICE_FAMILY = "1,2";
			};
			name = Release;
		};
/* End XCBuildConfiguration section */

/* Begin XCConfigurationList section */
		6FC132E6265FD0E700A19747 /* Build configuration list for PBXProject "BookViperExemple" */ = {
			isa = XCConfigurationList;
			buildConfigurations = (
				6FC132FD265FD0E900A19747 /* Debug */,
				6FC132FE265FD0E900A19747 /* Release */,
			);
			defaultConfigurationIsVisible = 0;
			defaultConfigurationName = Release;
		};
		6FC132FF265FD0E900A19747 /* Build configuration list for PBXNativeTarget "BookViperExemple" */ = {
			isa = XCConfigurationList;
			buildConfigurations = (
				6FC13300265FD0E900A19747 /* Debug */,
				6FC13301265FD0E900A19747 /* Release */,
			);
			defaultConfigurationIsVisible = 0;
			defaultConfigurationName = Release;
		};
/* End XCConfigurationList section */

/* Begin XCVersionGroup section */
		6F878ABB2695A1D00040F11D /* Model.xcdatamodeld */ = {
			isa = XCVersionGroup;
			children = (
				6F878ABC2695A1D00040F11D /* Model.xcdatamodel */,
			);
			currentVersion = 6F878ABC2695A1D00040F11D /* Model.xcdatamodel */;
			path = Model.xcdatamodeld;
			sourceTree = "<group>";
			versionGroupType = wrapper.xcdatamodel;
		};
/* End XCVersionGroup section */
	};
	rootObject = 6FC132E3265FD0E700A19747 /* Project object */;
}
