// !$*UTF8*$!
{
	archiveVersion = 1;
	classes = {
	};
	objectVersion = 51;
	objects = {

/* Begin PBXBuildFile section */
		6F72BC9D266116B20066BE61 /* MainPresenter.swift in Sources */ = {isa = PBXBuildFile; fileRef = 6F72BC9C266116B20066BE61 /* MainPresenter.swift */; };
		6F72BC9F266116C90066BE61 /* MainInteractor.swift in Sources */ = {isa = PBXBuildFile; fileRef = 6F72BC9E266116C90066BE61 /* MainInteractor.swift */; };
		6F72BCA1266116D50066BE61 /* MainRouter.swift in Sources */ = {isa = PBXBuildFile; fileRef = 6F72BCA0266116D50066BE61 /* MainRouter.swift */; };
		6F72BCA426613BAA0066BE61 /* BookCell.swift in Sources */ = {isa = PBXBuildFile; fileRef = 6F72BCA226613BAA0066BE61 /* BookCell.swift */; };
		6F72BCA526613BAA0066BE61 /* BookCell.xib in Resources */ = {isa = PBXBuildFile; fileRef = 6F72BCA326613BAA0066BE61 /* BookCell.xib */; };
		6FC132EF265FD0E700A19747 /* AppDelegate.swift in Sources */ = {isa = PBXBuildFile; fileRef = 6FC132EE265FD0E700A19747 /* AppDelegate.swift */; };
		6FC132F8265FD0E900A19747 /* Assets.xcassets in Resources */ = {isa = PBXBuildFile; fileRef = 6FC132F7265FD0E900A19747 /* Assets.xcassets */; };
		6FC132FB265FD0E900A19747 /* LaunchScreen.storyboard in Resources */ = {isa = PBXBuildFile; fileRef = 6FC132F9265FD0E900A19747 /* LaunchScreen.storyboard */; };
		6FC13306265FE2DC00A19747 /* MainViewController.swift in Sources */ = {isa = PBXBuildFile; fileRef = 6FC13304265FE2DC00A19747 /* MainViewController.swift */; };
		6FC13307265FE2DC00A19747 /* MainViewController.xib in Resources */ = {isa = PBXBuildFile; fileRef = 6FC13305265FE2DC00A19747 /* MainViewController.xib */; };
		6FC1330F265FF0C800A19747 /* MainContracts.swift in Sources */ = {isa = PBXBuildFile; fileRef = 6FC1330E265FF0C800A19747 /* MainContracts.swift */; };
		6FC13313265FF45000A19747 /* Book.swift in Sources */ = {isa = PBXBuildFile; fileRef = 6FC13312265FF45000A19747 /* Book.swift */; };
		6FC133152660D68F00A19747 /* RemouteBookService.swift in Sources */ = {isa = PBXBuildFile; fileRef = 6FC133142660D68F00A19747 /* RemouteBookService.swift */; };
		6FC1331726610E0500A19747 /* Factory.swift in Sources */ = {isa = PBXBuildFile; fileRef = 6FC1331626610E0500A19747 /* Factory.swift */; };
		F18E2CAE14D2A996D2C1F869 /* libPods-BookViperExemple.a in Frameworks */ = {isa = PBXBuildFile; fileRef = 2CD2EE8225219BF2E76D208D /* libPods-BookViperExemple.a */; };
/* End PBXBuildFile section */

/* Begin PBXFileReference section */
		0991DD0D0121320B80ABC82D /* Pods-BookViperExemple.release.xcconfig */ = {isa = PBXFileReference; includeInIndex = 1; lastKnownFileType = text.xcconfig; name = "Pods-BookViperExemple.release.xcconfig"; path = "Target Support Files/Pods-BookViperExemple/Pods-BookViperExemple.release.xcconfig"; sourceTree = "<group>"; };
		2CD2EE8225219BF2E76D208D /* libPods-BookViperExemple.a */ = {isa = PBXFileReference; explicitFileType = archive.ar; includeInIndex = 0; path = "libPods-BookViperExemple.a"; sourceTree = BUILT_PRODUCTS_DIR; };
		6F72BC9C266116B20066BE61 /* MainPresenter.swift */ = {isa = PBXFileReference; lastKnownFileType = sourcecode.swift; path = MainPresenter.swift; sourceTree = "<group>"; };
		6F72BC9E266116C90066BE61 /* MainInteractor.swift */ = {isa = PBXFileReference; lastKnownFileType = sourcecode.swift; path = MainInteractor.swift; sourceTree = "<group>"; };
		6F72BCA0266116D50066BE61 /* MainRouter.swift */ = {isa = PBXFileReference; lastKnownFileType = sourcecode.swift; path = MainRouter.swift; sourceTree = "<group>"; };
		6F72BCA226613BAA0066BE61 /* BookCell.swift */ = {isa = PBXFileReference; lastKnownFileType = sourcecode.swift; path = BookCell.swift; sourceTree = "<group>"; };
		6F72BCA326613BAA0066BE61 /* BookCell.xib */ = {isa = PBXFileReference; lastKnownFileType = file.xib; path = BookCell.xib; sourceTree = "<group>"; };
		6FC132EB265FD0E700A19747 /* BookViperExemple.app */ = {isa = PBXFileReference; explicitFileType = wrapper.application; includeInIndex = 0; path = BookViperExemple.app; sourceTree = BUILT_PRODUCTS_DIR; };
		6FC132EE265FD0E700A19747 /* AppDelegate.swift */ = {isa = PBXFileReference; lastKnownFileType = sourcecode.swift; path = AppDelegate.swift; sourceTree = "<group>"; };
		6FC132F7265FD0E900A19747 /* Assets.xcassets */ = {isa = PBXFileReference; lastKnownFileType = folder.assetcatalog; path = Assets.xcassets; sourceTree = "<group>"; };
		6FC132FA265FD0E900A19747 /* Base */ = {isa = PBXFileReference; lastKnownFileType = file.storyboard; name = Base; path = Base.lproj/LaunchScreen.storyboard; sourceTree = "<group>"; };
		6FC132FC265FD0E900A19747 /* Info.plist */ = {isa = PBXFileReference; lastKnownFileType = text.plist.xml; path = Info.plist; sourceTree = "<group>"; };
		6FC13304265FE2DC00A19747 /* MainViewController.swift */ = {isa = PBXFileReference; lastKnownFileType = sourcecode.swift; path = MainViewController.swift; sourceTree = "<group>"; };
		6FC13305265FE2DC00A19747 /* MainViewController.xib */ = {isa = PBXFileReference; lastKnownFileType = file.xib; path = MainViewController.xib; sourceTree = "<group>"; };
		6FC1330E265FF0C800A19747 /* MainContracts.swift */ = {isa = PBXFileReference; lastKnownFileType = sourcecode.swift; path = MainContracts.swift; sourceTree = "<group>"; };
		6FC13312265FF45000A19747 /* Book.swift */ = {isa = PBXFileReference; lastKnownFileType = sourcecode.swift; path = Book.swift; sourceTree = "<group>"; };
		6FC133142660D68F00A19747 /* RemouteBookService.swift */ = {isa = PBXFileReference; lastKnownFileType = sourcecode.swift; path = RemouteBookService.swift; sourceTree = "<group>"; };
		6FC1331626610E0500A19747 /* Factory.swift */ = {isa = PBXFileReference; lastKnownFileType = sourcecode.swift; path = Factory.swift; sourceTree = "<group>"; };
		A3383370FB27ED709A58E99A /* Pods-BookViperExemple.debug.xcconfig */ = {isa = PBXFileReference; includeInIndex = 1; lastKnownFileType = text.xcconfig; name = "Pods-BookViperExemple.debug.xcconfig"; path = "Target Support Files/Pods-BookViperExemple/Pods-BookViperExemple.debug.xcconfig"; sourceTree = "<group>"; };
/* End PBXFileReference section */

/* Begin PBXFrameworksBuildPhase section */
		6FC132E8265FD0E700A19747 /* Frameworks */ = {
			isa = PBXFrameworksBuildPhase;
			buildActionMask = 2147483647;
			files = (
				F18E2CAE14D2A996D2C1F869 /* libPods-BookViperExemple.a in Frameworks */,
			);
			runOnlyForDeploymentPostprocessing = 0;
		};
/* End PBXFrameworksBuildPhase section */

/* Begin PBXGroup section */
		26A4DA80850967C6C7DF27F0 /* Frameworks */ = {
			isa = PBXGroup;
			children = (
				2CD2EE8225219BF2E76D208D /* libPods-BookViperExemple.a */,
			);
			name = Frameworks;
			sourceTree = "<group>";
		};
		6872D4FD37E40AF1298F5C9F /* Pods */ = {
			isa = PBXGroup;
			children = (
				A3383370FB27ED709A58E99A /* Pods-BookViperExemple.debug.xcconfig */,
				0991DD0D0121320B80ABC82D /* Pods-BookViperExemple.release.xcconfig */,
			);
			path = Pods;
			sourceTree = "<group>";
		};
		6FC132E2265FD0E700A19747 = {
			isa = PBXGroup;
			children = (
				6FC132ED265FD0E700A19747 /* BookViperExemple */,
				6FC132EC265FD0E700A19747 /* Products */,
				6872D4FD37E40AF1298F5C9F /* Pods */,
				26A4DA80850967C6C7DF27F0 /* Frameworks */,
			);
			sourceTree = "<group>";
		};
		6FC132EC265FD0E700A19747 /* Products */ = {
			isa = PBXGroup;
			children = (
				6FC132EB265FD0E700A19747 /* BookViperExemple.app */,
			);
			name = Products;
			sourceTree = "<group>";
		};
		6FC132ED265FD0E700A19747 /* BookViperExemple */ = {
			isa = PBXGroup;
			children = (
				6FC13311265FF17300A19747 /* Entities */,
				6FC13310265FF16800A19747 /* Services */,
				6FC13302265FE1F800A19747 /* Modules */,
				6FC132EE265FD0E700A19747 /* AppDelegate.swift */,
				6FC132F7265FD0E900A19747 /* Assets.xcassets */,
				6FC132F9265FD0E900A19747 /* LaunchScreen.storyboard */,
				6FC132FC265FD0E900A19747 /* Info.plist */,
				6FC1331626610E0500A19747 /* Factory.swift */,
			);
			path = BookViperExemple;
			sourceTree = "<group>";
		};
		6FC13302265FE1F800A19747 /* Modules */ = {
			isa = PBXGroup;
			children = (
				6FC13303265FE20400A19747 /* Main */,
			);
			path = Modules;
			sourceTree = "<group>";
		};
		6FC13303265FE20400A19747 /* Main */ = {
			isa = PBXGroup;
			children = (
				6FC13304265FE2DC00A19747 /* MainViewController.swift */,
				6FC13305265FE2DC00A19747 /* MainViewController.xib */,
				6FC1330E265FF0C800A19747 /* MainContracts.swift */,
				6F72BC9C266116B20066BE61 /* MainPresenter.swift */,
				6F72BC9E266116C90066BE61 /* MainInteractor.swift */,
				6F72BCA0266116D50066BE61 /* MainRouter.swift */,
				6F72BCA226613BAA0066BE61 /* BookCell.swift */,
				6F72BCA326613BAA0066BE61 /* BookCell.xib */,
			);
			path = Main;
			sourceTree = "<group>";
		};
		6FC13310265FF16800A19747 /* Services */ = {
			isa = PBXGroup;
			children = (
				6FC133142660D68F00A19747 /* RemouteBookService.swift */,
			);
			path = Services;
			sourceTree = "<group>";
		};
		6FC13311265FF17300A19747 /* Entities */ = {
			isa = PBXGroup;
			children = (
				6FC13312265FF45000A19747 /* Book.swift */,
			);
			path = Entities;
			sourceTree = "<group>";
		};
/* End PBXGroup section */

/* Begin PBXNativeTarget section */
		6FC132EA265FD0E700A19747 /* BookViperExemple */ = {
			isa = PBXNativeTarget;
			buildConfigurationList = 6FC132FF265FD0E900A19747 /* Build configuration list for PBXNativeTarget "BookViperExemple" */;
			buildPhases = (
				AE5038F74C0ED7B4ACA748BA /* [CP] Check Pods Manifest.lock */,
				6FC132E7265FD0E700A19747 /* Sources */,
				6FC132E8265FD0E700A19747 /* Frameworks */,
				6FC132E9265FD0E700A19747 /* Resources */,
			);
			buildRules = (
			);
			dependencies = (
			);
			name = BookViperExemple;
			productName = BookViperExemple;
			productReference = 6FC132EB265FD0E700A19747 /* BookViperExemple.app */;
			productType = "com.apple.product-type.application";
		};
/* End PBXNativeTarget section */

/* Begin PBXProject section */
		6FC132E3265FD0E700A19747 /* Project object */ = {
			isa = PBXProject;
			attributes = {
				LastSwiftUpdateCheck = 1250;
				LastUpgradeCheck = 1250;
				TargetAttributes = {
					6FC132EA265FD0E700A19747 = {
						CreatedOnToolsVersion = 12.5;
					};
				};
			};
			buildConfigurationList = 6FC132E6265FD0E700A19747 /* Build configuration list for PBXProject "BookViperExemple" */;
			compatibilityVersion = "Xcode 9.3";
			developmentRegion = en;
			hasScannedForEncodings = 0;
			knownRegions = (
				en,
				Base,
			);
			mainGroup = 6FC132E2265FD0E700A19747;
			productRefGroup = 6FC132EC265FD0E700A19747 /* Products */;
			projectDirPath = "";
			projectRoot = "";
			targets = (
				6FC132EA265FD0E700A19747 /* BookViperExemple */,
			);
		};
/* End PBXProject section */

/* Begin PBXResourcesBuildPhase section */
		6FC132E9265FD0E700A19747 /* Resources */ = {
			isa = PBXResourcesBuildPhase;
			buildActionMask = 2147483647;
			files = (
				6F72BCA526613BAA0066BE61 /* BookCell.xib in Resources */,
				6FC132FB265FD0E900A19747 /* LaunchScreen.storyboard in Resources */,
				6FC13307265FE2DC00A19747 /* MainViewController.xib in Resources */,
				6FC132F8265FD0E900A19747 /* Assets.xcassets in Resources */,
			);
			runOnlyForDeploymentPostprocessing = 0;
		};
/* End PBXResourcesBuildPhase section */

/* Begin PBXShellScriptBuildPhase section */
		AE5038F74C0ED7B4ACA748BA /* [CP] Check Pods Manifest.lock */ = {
			isa = PBXShellScriptBuildPhase;
			buildActionMask = 2147483647;
			files = (
			);
			inputFileListPaths = (
			);
			inputPaths = (
				"${PODS_PODFILE_DIR_PATH}/Podfile.lock",
				"${PODS_ROOT}/Manifest.lock",
			);
			name = "[CP] Check Pods Manifest.lock";
			outputFileListPaths = (
			);
			outputPaths = (
				"$(DERIVED_FILE_DIR)/Pods-BookViperExemple-checkManifestLockResult.txt",
			);
			runOnlyForDeploymentPostprocessing = 0;
			shellPath = /bin/sh;
			shellScript = "diff \"${PODS_PODFILE_DIR_PATH}/Podfile.lock\" \"${PODS_ROOT}/Manifest.lock\" > /dev/null\nif [ $? != 0 ] ; then\n    # print error to STDERR\n    echo \"error: The sandbox is not in sync with the Podfile.lock. Run 'pod install' or update your CocoaPods installation.\" >&2\n    exit 1\nfi\n# This output is used by Xcode 'outputs' to avoid re-running this script phase.\necho \"SUCCESS\" > \"${SCRIPT_OUTPUT_FILE_0}\"\n";
			showEnvVarsInLog = 0;
		};
/* End PBXShellScriptBuildPhase section */

/* Begin PBXSourcesBuildPhase section */
		6FC132E7265FD0E700A19747 /* Sources */ = {
			isa = PBXSourcesBuildPhase;
			buildActionMask = 2147483647;
			files = (
				6FC13313265FF45000A19747 /* Book.swift in Sources */,
				6FC1330F265FF0C800A19747 /* MainContracts.swift in Sources */,
				6FC1331726610E0500A19747 /* Factory.swift in Sources */,
				6FC133152660D68F00A19747 /* RemouteBookService.swift in Sources */,
				6F72BCA426613BAA0066BE61 /* BookCell.swift in Sources */,
				6FC132EF265FD0E700A19747 /* AppDelegate.swift in Sources */,
				6F72BC9D266116B20066BE61 /* MainPresenter.swift in Sources */,
				6FC13306265FE2DC00A19747 /* MainViewController.swift in Sources */,
				6F72BC9F266116C90066BE61 /* MainInteractor.swift in Sources */,
				6F72BCA1266116D50066BE61 /* MainRouter.swift in Sources */,
			);
			runOnlyForDeploymentPostprocessing = 0;
		};
/* End PBXSourcesBuildPhase section */

/* Begin PBXVariantGroup section */
		6FC132F9265FD0E900A19747 /* LaunchScreen.storyboard */ = {
			isa = PBXVariantGroup;
			children = (
				6FC132FA265FD0E900A19747 /* Base */,
			);
			name = LaunchScreen.storyboard;
			sourceTree = "<group>";
		};
/* End PBXVariantGroup section */

/* Begin XCBuildConfiguration section */
		6FC132FD265FD0E900A19747 /* Debug */ = {
			isa = XCBuildConfiguration;
			buildSettings = {
				ALWAYS_SEARCH_USER_PATHS = NO;
				CLANG_ANALYZER_NONNULL = YES;
				CLANG_ANALYZER_NUMBER_OBJECT_CONVERSION = YES_AGGRESSIVE;
				CLANG_CXX_LANGUAGE_STANDARD = "gnu++14";
				CLANG_CXX_LIBRARY = "libc++";
				CLANG_ENABLE_MODULES = YES;
				CLANG_ENABLE_OBJC_ARC = YES;
				CLANG_ENABLE_OBJC_WEAK = YES;
				CLANG_WARN_BLOCK_CAPTURE_AUTORELEASING = YES;
				CLANG_WARN_BOOL_CONVERSION = YES;
				CLANG_WARN_COMMA = YES;
				CLANG_WARN_CONSTANT_CONVERSION = YES;
				CLANG_WARN_DEPRECATED_OBJC_IMPLEMENTATIONS = YES;
				CLANG_WARN_DIRECT_OBJC_ISA_USAGE = YES_ERROR;
				CLANG_WARN_DOCUMENTATION_COMMENTS = YES;
				CLANG_WARN_EMPTY_BODY = YES;
				CLANG_WARN_ENUM_CONVERSION = YES;
				CLANG_WARN_INFINITE_RECURSION = YES;
				CLANG_WARN_INT_CONVERSION = YES;
				CLANG_WARN_NON_LITERAL_NULL_CONVERSION = YES;
				CLANG_WARN_OBJC_IMPLICIT_RETAIN_SELF = YES;
				CLANG_WARN_OBJC_LITERAL_CONVERSION = YES;
				CLANG_WARN_OBJC_ROOT_CLASS = YES_ERROR;
				CLANG_WARN_QUOTED_INCLUDE_IN_FRAMEWORK_HEADER = YES;
				CLANG_WARN_RANGE_LOOP_ANALYSIS = YES;
				CLANG_WARN_STRICT_PROTOTYPES = YES;
				CLANG_WARN_SUSPICIOUS_MOVE = YES;
				CLANG_WARN_UNGUARDED_AVAILABILITY = YES_AGGRESSIVE;
				CLANG_WARN_UNREACHABLE_CODE = YES;
				CLANG_WARN__DUPLICATE_METHOD_MATCH = YES;
				COPY_PHASE_STRIP = NO;
				DEBUG_INFORMATION_FORMAT = dwarf;
				ENABLE_STRICT_OBJC_MSGSEND = YES;
				ENABLE_TESTABILITY = YES;
				GCC_C_LANGUAGE_STANDARD = gnu11;
				GCC_DYNAMIC_NO_PIC = NO;
				GCC_NO_COMMON_BLOCKS = YES;
				GCC_OPTIMIZATION_LEVEL = 0;
				GCC_PREPROCESSOR_DEFINITIONS = (
					"DEBUG=1",
					"$(inherited)",
				);
				GCC_WARN_64_TO_32_BIT_CONVERSION = YES;
				GCC_WARN_ABOUT_RETURN_TYPE = YES_ERROR;
				GCC_WARN_UNDECLARED_SELECTOR = YES;
				GCC_WARN_UNINITIALIZED_AUTOS = YES_AGGRESSIVE;
				GCC_WARN_UNUSED_FUNCTION = YES;
				GCC_WARN_UNUSED_VARIABLE = YES;
				IPHONEOS_DEPLOYMENT_TARGET = 14.5;
				MTL_ENABLE_DEBUG_INFO = INCLUDE_SOURCE;
				MTL_FAST_MATH = YES;
				ONLY_ACTIVE_ARCH = YES;
				SDKROOT = iphoneos;
				SWIFT_ACTIVE_COMPILATION_CONDITIONS = DEBUG;
				SWIFT_OPTIMIZATION_LEVEL = "-Onone";
			};
			name = Debug;
		};
		6FC132FE265FD0E900A19747 /* Release */ = {
			isa = XCBuildConfiguration;
			buildSettings = {
				ALWAYS_SEARCH_USER_PATHS = NO;
				CLANG_ANALYZER_NONNULL = YES;
				CLANG_ANALYZER_NUMBER_OBJECT_CONVERSION = YES_AGGRESSIVE;
				CLANG_CXX_LANGUAGE_STANDARD = "gnu++14";
				CLANG_CXX_LIBRARY = "libc++";
				CLANG_ENABLE_MODULES = YES;
				CLANG_ENABLE_OBJC_ARC = YES;
				CLANG_ENABLE_OBJC_WEAK = YES;
				CLANG_WARN_BLOCK_CAPTURE_AUTORELEASING = YES;
				CLANG_WARN_BOOL_CONVERSION = YES;
				CLANG_WARN_COMMA = YES;
				CLANG_WARN_CONSTANT_CONVERSION = YES;
				CLANG_WARN_DEPRECATED_OBJC_IMPLEMENTATIONS = YES;
				CLANG_WARN_DIRECT_OBJC_ISA_USAGE = YES_ERROR;
				CLANG_WARN_DOCUMENTATION_COMMENTS = YES;
				CLANG_WARN_EMPTY_BODY = YES;
				CLANG_WARN_ENUM_CONVERSION = YES;
				CLANG_WARN_INFINITE_RECURSION = YES;
				CLANG_WARN_INT_CONVERSION = YES;
				CLANG_WARN_NON_LITERAL_NULL_CONVERSION = YES;
				CLANG_WARN_OBJC_IMPLICIT_RETAIN_SELF = YES;
				CLANG_WARN_OBJC_LITERAL_CONVERSION = YES;
				CLANG_WARN_OBJC_ROOT_CLASS = YES_ERROR;
				CLANG_WARN_QUOTED_INCLUDE_IN_FRAMEWORK_HEADER = YES;
				CLANG_WARN_RANGE_LOOP_ANALYSIS = YES;
				CLANG_WARN_STRICT_PROTOTYPES = YES;
				CLANG_WARN_SUSPICIOUS_MOVE = YES;
				CLANG_WARN_UNGUARDED_AVAILABILITY = YES_AGGRESSIVE;
				CLANG_WARN_UNREACHABLE_CODE = YES;
				CLANG_WARN__DUPLICATE_METHOD_MATCH = YES;
				COPY_PHASE_STRIP = NO;
				DEBUG_INFORMATION_FORMAT = "dwarf-with-dsym";
				ENABLE_NS_ASSERTIONS = NO;
				ENABLE_STRICT_OBJC_MSGSEND = YES;
				GCC_C_LANGUAGE_STANDARD = gnu11;
				GCC_NO_COMMON_BLOCKS = YES;
				GCC_WARN_64_TO_32_BIT_CONVERSION = YES;
				GCC_WARN_ABOUT_RETURN_TYPE = YES_ERROR;
				GCC_WARN_UNDECLARED_SELECTOR = YES;
				GCC_WARN_UNINITIALIZED_AUTOS = YES_AGGRESSIVE;
				GCC_WARN_UNUSED_FUNCTION = YES;
				GCC_WARN_UNUSED_VARIABLE = YES;
				IPHONEOS_DEPLOYMENT_TARGET = 14.5;
				MTL_ENABLE_DEBUG_INFO = NO;
				MTL_FAST_MATH = YES;
				SDKROOT = iphoneos;
				SWIFT_COMPILATION_MODE = wholemodule;
				SWIFT_OPTIMIZATION_LEVEL = "-O";
				VALIDATE_PRODUCT = YES;
			};
			name = Release;
		};
		6FC13300265FD0E900A19747 /* Debug */ = {
			isa = XCBuildConfiguration;
			baseConfigurationReference = A3383370FB27ED709A58E99A /* Pods-BookViperExemple.debug.xcconfig */;
			buildSettings = {
				ASSETCATALOG_COMPILER_APPICON_NAME = AppIcon;
				ASSETCATALOG_COMPILER_GLOBAL_ACCENT_COLOR_NAME = AccentColor;
				CODE_SIGN_STYLE = Automatic;
				DEVELOPMENT_TEAM = 44665WVLXT;
				INFOPLIST_FILE = BookViperExemple/Info.plist;
				LD_RUNPATH_SEARCH_PATHS = (
					"$(inherited)",
					"@executable_path/Frameworks",
				);
				PRODUCT_BUNDLE_IDENTIFIER = com.single.BookViperExemple;
				PRODUCT_NAME = "$(TARGET_NAME)";
				SWIFT_VERSION = 5.0;
				TARGETED_DEVICE_FAMILY = "1,2";
			};
			name = Debug;
		};
		6FC13301265FD0E900A19747 /* Release */ = {
			isa = XCBuildConfiguration;
			baseConfigurationReference = 0991DD0D0121320B80ABC82D /* Pods-BookViperExemple.release.xcconfig */;
			buildSettings = {
				ASSETCATALOG_COMPILER_APPICON_NAME = AppIcon;
				ASSETCATALOG_COMPILER_GLOBAL_ACCENT_COLOR_NAME = AccentColor;
				CODE_SIGN_STYLE = Automatic;
				DEVELOPMENT_TEAM = 44665WVLXT;
				INFOPLIST_FILE = BookViperExemple/Info.plist;
				LD_RUNPATH_SEARCH_PATHS = (
					"$(inherited)",
					"@executable_path/Frameworks",
				);
				PRODUCT_BUNDLE_IDENTIFIER = com.single.BookViperExemple;
				PRODUCT_NAME = "$(TARGET_NAME)";
				SWIFT_VERSION = 5.0;
				TARGETED_DEVICE_FAMILY = "1,2";
			};
			name = Release;
		};
/* End XCBuildConfiguration section */

/* Begin XCConfigurationList section */
		6FC132E6265FD0E700A19747 /* Build configuration list for PBXProject "BookViperExemple" */ = {
			isa = XCConfigurationList;
			buildConfigurations = (
				6FC132FD265FD0E900A19747 /* Debug */,
				6FC132FE265FD0E900A19747 /* Release */,
			);
			defaultConfigurationIsVisible = 0;
			defaultConfigurationName = Release;
		};
		6FC132FF265FD0E900A19747 /* Build configuration list for PBXNativeTarget "BookViperExemple" */ = {
			isa = XCConfigurationList;
			buildConfigurations = (
				6FC13300265FD0E900A19747 /* Debug */,
				6FC13301265FD0E900A19747 /* Release */,
			);
			defaultConfigurationIsVisible = 0;
			defaultConfigurationName = Release;
		};
/* End XCConfigurationList section */
	};
	rootObject = 6FC132E3265FD0E700A19747 /* Project object */;
}
